
Microsoft Visual Studio Solution File, Format Version 12.00
# Visual Studio 15
VisualStudioVersion = 15.0.28307.572
MinimumVisualStudioVersion = 10.0.40219.1
Project("{FAE04EC0-301F-11D3-BF4B-00C04F79EFBC}") = "SendARaven", "SendARaven\SendARaven.csproj", "{304A0673-36DE-486A-991E-5A2589FFF0B9}"
EndProject
Global
	GlobalSection(SolutionConfigurationPlatforms) = preSolution
		Debug|Any CPU = Debug|Any CPU
		Release|Any CPU = Release|Any CPU
	EndGlobalSection
	GlobalSection(ProjectConfigurationPlatforms) = postSolution
		{304A0673-36DE-486A-991E-5A2589FFF0B9}.Debug|Any CPU.ActiveCfg = Debug|Any CPU
		{304A0673-36DE-486A-991E-5A2589FFF0B9}.Debug|Any CPU.Build.0 = Debug|Any CPU
		{304A0673-36DE-486A-991E-5A2589FFF0B9}.Release|Any CPU.ActiveCfg = Release|Any CPU
		{304A0673-36DE-486A-991E-5A2589FFF0B9}.Release|Any CPU.Build.0 = Release|Any CPU
	EndGlobalSection
	GlobalSection(SolutionProperties) = preSolution
		HideSolutionNode = FALSE
	EndGlobalSection
	GlobalSection(ExtensibilityGlobals) = postSolution
		SolutionGuid = {E28281B6-3EF8-4477-90F2-1FA30BECFACE}
	EndGlobalSection
EndGlobal
