
Microsoft Visual Studio Solution File, Format Version 12.00
# Visual Studio 15
VisualStudioVersion = 15.0.28307.572
MinimumVisualStudioVersion = 10.0.40219.1
Project("{FAE04EC0-301F-11D3-BF4B-00C04F79EFBC}") = "sendaravendummy", "sendaravendummy\sendaravendummy.csproj", "{2DFB39A4-5B95-49A0-A336-8C280A633ED2}"
EndProject
Global
	GlobalSection(SolutionConfigurationPlatforms) = preSolution
		Debug|Any CPU = Debug|Any CPU
		Release|Any CPU = Release|Any CPU
	EndGlobalSection
	GlobalSection(ProjectConfigurationPlatforms) = postSolution
		{2DFB39A4-5B95-49A0-A336-8C280A633ED2}.Debug|Any CPU.ActiveCfg = Debug|Any CPU
		{2DFB39A4-5B95-49A0-A336-8C280A633ED2}.Debug|Any CPU.Build.0 = Debug|Any CPU
		{2DFB39A4-5B95-49A0-A336-8C280A633ED2}.Release|Any CPU.ActiveCfg = Release|Any CPU
		{2DFB39A4-5B95-49A0-A336-8C280A633ED2}.Release|Any CPU.Build.0 = Release|Any CPU
	EndGlobalSection
	GlobalSection(SolutionProperties) = preSolution
		HideSolutionNode = FALSE
	EndGlobalSection
	GlobalSection(ExtensibilityGlobals) = postSolution
		SolutionGuid = {862E9226-03F8-4A30-8E26-8406DBBCA003}
	EndGlobalSection
EndGlobal
